
Microsoft Visual Studio Solution File, Format Version 12.00
# Visual Studio 15
VisualStudioVersion = 15.0.27703.2047
MinimumVisualStudioVersion = 10.0.40219.1
Project("{FAE04EC0-301F-11D3-BF4B-00C04F79EFBC}") = "ClientUI", "ClientUI\ClientUI.csproj", "{AFE61C63-7D53-4B78-8FC5-5FC53A0728D6}"
EndProject
Project("{FAE04EC0-301F-11D3-BF4B-00C04F79EFBC}") = "ServerUI", "ServerUI\ServerUI.csproj", "{9EBB7113-2353-452D-9E95-05E25B362163}"
EndProject
Global
	GlobalSection(SolutionConfigurationPlatforms) = preSolution
		Debug|Any CPU = Debug|Any CPU
		Release|Any CPU = Release|Any CPU
	EndGlobalSection
	GlobalSection(ProjectConfigurationPlatforms) = postSolution
		{AFE61C63-7D53-4B78-8FC5-5FC53A0728D6}.Debug|Any CPU.ActiveCfg = Debug|Any CPU
		{AFE61C63-7D53-4B78-8FC5-5FC53A0728D6}.Debug|Any CPU.Build.0 = Debug|Any CPU
		{AFE61C63-7D53-4B78-8FC5-5FC53A0728D6}.Release|Any CPU.ActiveCfg = Release|Any CPU
		{AFE61C63-7D53-4B78-8FC5-5FC53A0728D6}.Release|Any CPU.Build.0 = Release|Any CPU
		{9EBB7113-2353-452D-9E95-05E25B362163}.Debug|Any CPU.ActiveCfg = Debug|Any CPU
		{9EBB7113-2353-452D-9E95-05E25B362163}.Debug|Any CPU.Build.0 = Debug|Any CPU
		{9EBB7113-2353-452D-9E95-05E25B362163}.Release|Any CPU.ActiveCfg = Release|Any CPU
		{9EBB7113-2353-452D-9E95-05E25B362163}.Release|Any CPU.Build.0 = Release|Any CPU
	EndGlobalSection
	GlobalSection(SolutionProperties) = preSolution
		HideSolutionNode = FALSE
	EndGlobalSection
	GlobalSection(ExtensibilityGlobals) = postSolution
		SolutionGuid = {26174CB4-45E2-4A8D-AA24-61810C6D1D33}
	EndGlobalSection
EndGlobal
